
Microsoft Visual Studio Solution File, Format Version 12.00
# Visual Studio Version 17
VisualStudioVersion = 17.5.33414.496
MinimumVisualStudioVersion = 10.0.40219.1
Project("{FAE04EC0-301F-11D3-BF4B-00C04F79EFBC}") = "TREES_Zaimov_11a", "TREES_Zaimov_11a\TREES_Zaimov_11a.csproj", "{8A834C81-D55E-48FB-90F2-FFD6D81CF29D}"
EndProject
Project("{9A19103F-16F7-4668-BE54-9A1E7A4F7556}") = "MinionsAdd", "MinionsAdd\MinionsAdd.csproj", "{E77F2AD0-8547-40D7-9813-79C6CFF4A2B5}"
EndProject
Project("{FAE04EC0-301F-11D3-BF4B-00C04F79EFBC}") = "ConnectingTables", "ConnectingTables\ConnectingTables.csproj", "{B0585B8C-0B6D-459B-AF7F-3AA8DE56FEF2}"
EndProject
Global
	GlobalSection(SolutionConfigurationPlatforms) = preSolution
		Debug|Any CPU = Debug|Any CPU
		Release|Any CPU = Release|Any CPU
	EndGlobalSection
	GlobalSection(ProjectConfigurationPlatforms) = postSolution
		{8A834C81-D55E-48FB-90F2-FFD6D81CF29D}.Debug|Any CPU.ActiveCfg = Debug|Any CPU
		{8A834C81-D55E-48FB-90F2-FFD6D81CF29D}.Debug|Any CPU.Build.0 = Debug|Any CPU
		{8A834C81-D55E-48FB-90F2-FFD6D81CF29D}.Release|Any CPU.ActiveCfg = Release|Any CPU
		{8A834C81-D55E-48FB-90F2-FFD6D81CF29D}.Release|Any CPU.Build.0 = Release|Any CPU
		{E77F2AD0-8547-40D7-9813-79C6CFF4A2B5}.Debug|Any CPU.ActiveCfg = Debug|Any CPU
		{E77F2AD0-8547-40D7-9813-79C6CFF4A2B5}.Debug|Any CPU.Build.0 = Debug|Any CPU
		{E77F2AD0-8547-40D7-9813-79C6CFF4A2B5}.Release|Any CPU.ActiveCfg = Release|Any CPU
		{E77F2AD0-8547-40D7-9813-79C6CFF4A2B5}.Release|Any CPU.Build.0 = Release|Any CPU
		{B0585B8C-0B6D-459B-AF7F-3AA8DE56FEF2}.Debug|Any CPU.ActiveCfg = Debug|Any CPU
		{B0585B8C-0B6D-459B-AF7F-3AA8DE56FEF2}.Debug|Any CPU.Build.0 = Debug|Any CPU
		{B0585B8C-0B6D-459B-AF7F-3AA8DE56FEF2}.Release|Any CPU.ActiveCfg = Release|Any CPU
		{B0585B8C-0B6D-459B-AF7F-3AA8DE56FEF2}.Release|Any CPU.Build.0 = Release|Any CPU
	EndGlobalSection
	GlobalSection(SolutionProperties) = preSolution
		HideSolutionNode = FALSE
	EndGlobalSection
	GlobalSection(ExtensibilityGlobals) = postSolution
		SolutionGuid = {E9460AE5-D363-49DE-9374-67D2C696B304}
	EndGlobalSection
EndGlobal
